// !$*UTF8*$!
{
	archiveVersion = 1;
	classes = {
	};
	objectVersion = 46;
	objects = {

/* Begin PBXBuildFile section */
		66A63BC71555C21600D7A669 /* Cocoa.framework in Frameworks */ = {isa = PBXBuildFile; fileRef = 66A63BC61555C21600D7A669 /* Cocoa.framework */; };
		66A63BD11555C21600D7A669 /* InfoPlist.strings in Resources */ = {isa = PBXBuildFile; fileRef = 66A63BCF1555C21600D7A669 /* InfoPlist.strings */; };
		66A63BD31555C21600D7A669 /* main.m in Sources */ = {isa = PBXBuildFile; fileRef = 66A63BD21555C21600D7A669 /* main.m */; };
		66A63BD71555C21600D7A669 /* Credits.rtf in Resources */ = {isa = PBXBuildFile; fileRef = 66A63BD51555C21600D7A669 /* Credits.rtf */; };
		66A63BDA1555C21600D7A669 /* AppDelegate.m in Sources */ = {isa = PBXBuildFile; fileRef = 66A63BD91555C21600D7A669 /* AppDelegate.m */; };
		66A63BDD1555C21600D7A669 /* MainMenu.xib in Resources */ = {isa = PBXBuildFile; fileRef = 66A63BDB1555C21600D7A669 /* MainMenu.xib */; };
		66A63BE61555C21600D7A669 /* Cocoa.framework in Frameworks */ = {isa = PBXBuildFile; fileRef = 66A63BC61555C21600D7A669 /* Cocoa.framework */; };
		66A63BEE1555C21600D7A669 /* InfoPlist.strings in Resources */ = {isa = PBXBuildFile; fileRef = 66A63BEC1555C21600D7A669 /* InfoPlist.strings */; };
		66A63BF11555C21600D7A669 /* Up_each_thirtyTests.m in Sources */ = {isa = PBXBuildFile; fileRef = 66A63BF01555C21600D7A669 /* Up_each_thirtyTests.m */; };
		66A63BFC1555D37000D7A669 /* Countdown.m in Sources */ = {isa = PBXBuildFile; fileRef = 66A63BFB1555D37000D7A669 /* Countdown.m */; };
		66A63C05155AFF9500D7A669 /* uet0.icns in Resources */ = {isa = PBXBuildFile; fileRef = 66A63BFE155AFF9400D7A669 /* uet0.icns */; };
		66A63C06155AFF9500D7A669 /* uet5.icns in Resources */ = {isa = PBXBuildFile; fileRef = 66A63BFF155AFF9400D7A669 /* uet5.icns */; };
		66A63C07155AFF9500D7A669 /* uet10.icns in Resources */ = {isa = PBXBuildFile; fileRef = 66A63C00155AFF9500D7A669 /* uet10.icns */; };
		66A63C08155AFF9500D7A669 /* uet15.icns in Resources */ = {isa = PBXBuildFile; fileRef = 66A63C01155AFF9500D7A669 /* uet15.icns */; };
		66A63C09155AFF9500D7A669 /* uet20.icns in Resources */ = {isa = PBXBuildFile; fileRef = 66A63C02155AFF9500D7A669 /* uet20.icns */; };
		66A63C0A155AFF9500D7A669 /* uet25.icns in Resources */ = {isa = PBXBuildFile; fileRef = 66A63C03155AFF9500D7A669 /* uet25.icns */; };
		66A63C0B155AFF9500D7A669 /* uet30.icns in Resources */ = {isa = PBXBuildFile; fileRef = 66A63C04155AFF9500D7A669 /* uet30.icns */; };
/* End PBXBuildFile section */

/* Begin PBXContainerItemProxy section */
		66A63BE71555C21600D7A669 /* PBXContainerItemProxy */ = {
			isa = PBXContainerItemProxy;
			containerPortal = 66A63BB91555C21500D7A669 /* Project object */;
			proxyType = 1;
			remoteGlobalIDString = 66A63BC11555C21600D7A669;
			remoteInfo = "Up each thirty";
		};
/* End PBXContainerItemProxy section */

/* Begin PBXFileReference section */
		66A63BC21555C21600D7A669 /* Up each thirty.app */ = {isa = PBXFileReference; explicitFileType = wrapper.application; includeInIndex = 0; path = "Up each thirty.app"; sourceTree = BUILT_PRODUCTS_DIR; };
		66A63BC61555C21600D7A669 /* Cocoa.framework */ = {isa = PBXFileReference; lastKnownFileType = wrapper.framework; name = Cocoa.framework; path = System/Library/Frameworks/Cocoa.framework; sourceTree = SDKROOT; };
		66A63BC91555C21600D7A669 /* AppKit.framework */ = {isa = PBXFileReference; lastKnownFileType = wrapper.framework; name = AppKit.framework; path = System/Library/Frameworks/AppKit.framework; sourceTree = SDKROOT; };
		66A63BCA1555C21600D7A669 /* CoreData.framework */ = {isa = PBXFileReference; lastKnownFileType = wrapper.framework; name = CoreData.framework; path = System/Library/Frameworks/CoreData.framework; sourceTree = SDKROOT; };
		66A63BCB1555C21600D7A669 /* Foundation.framework */ = {isa = PBXFileReference; lastKnownFileType = wrapper.framework; name = Foundation.framework; path = System/Library/Frameworks/Foundation.framework; sourceTree = SDKROOT; };
		66A63BCE1555C21600D7A669 /* Up each thirty-Info.plist */ = {isa = PBXFileReference; lastKnownFileType = text.plist.xml; path = "Up each thirty-Info.plist"; sourceTree = "<group>"; };
		66A63BD01555C21600D7A669 /* en */ = {isa = PBXFileReference; lastKnownFileType = text.plist.strings; name = en; path = en.lproj/InfoPlist.strings; sourceTree = "<group>"; };
		66A63BD21555C21600D7A669 /* main.m */ = {isa = PBXFileReference; lastKnownFileType = sourcecode.c.objc; path = main.m; sourceTree = "<group>"; };
		66A63BD41555C21600D7A669 /* Up each thirty-Prefix.pch */ = {isa = PBXFileReference; lastKnownFileType = sourcecode.c.h; path = "Up each thirty-Prefix.pch"; sourceTree = "<group>"; };
		66A63BD61555C21600D7A669 /* en */ = {isa = PBXFileReference; lastKnownFileType = text.rtf; name = en; path = en.lproj/Credits.rtf; sourceTree = "<group>"; };
		66A63BD81555C21600D7A669 /* AppDelegate.h */ = {isa = PBXFileReference; lastKnownFileType = sourcecode.c.h; path = AppDelegate.h; sourceTree = "<group>"; };
		66A63BD91555C21600D7A669 /* AppDelegate.m */ = {isa = PBXFileReference; lastKnownFileType = sourcecode.c.objc; path = AppDelegate.m; sourceTree = "<group>"; };
		66A63BDC1555C21600D7A669 /* en */ = {isa = PBXFileReference; lastKnownFileType = file.xib; name = en; path = en.lproj/MainMenu.xib; sourceTree = "<group>"; };
		66A63BE31555C21600D7A669 /* Up each thirtyTests.xctest */ = {isa = PBXFileReference; explicitFileType = wrapper.cfbundle; includeInIndex = 0; path = "Up each thirtyTests.xctest"; sourceTree = BUILT_PRODUCTS_DIR; };
		66A63BEB1555C21600D7A669 /* Up each thirtyTests-Info.plist */ = {isa = PBXFileReference; lastKnownFileType = text.plist.xml; path = "Up each thirtyTests-Info.plist"; sourceTree = "<group>"; };
		66A63BED1555C21600D7A669 /* en */ = {isa = PBXFileReference; lastKnownFileType = text.plist.strings; name = en; path = en.lproj/InfoPlist.strings; sourceTree = "<group>"; };
		66A63BEF1555C21600D7A669 /* Up_each_thirtyTests.h */ = {isa = PBXFileReference; lastKnownFileType = sourcecode.c.h; path = Up_each_thirtyTests.h; sourceTree = "<group>"; };
		66A63BF01555C21600D7A669 /* Up_each_thirtyTests.m */ = {isa = PBXFileReference; lastKnownFileType = sourcecode.c.objc; path = Up_each_thirtyTests.m; sourceTree = "<group>"; };
		66A63BFA1555D37000D7A669 /* Countdown.h */ = {isa = PBXFileReference; fileEncoding = 4; lastKnownFileType = sourcecode.c.h; path = Countdown.h; sourceTree = "<group>"; };
		66A63BFB1555D37000D7A669 /* Countdown.m */ = {isa = PBXFileReference; fileEncoding = 4; lastKnownFileType = sourcecode.c.objc; path = Countdown.m; sourceTree = "<group>"; };
		66A63BFD155AFF7200D7A669 /* icon.xcf */ = {isa = PBXFileReference; lastKnownFileType = file; path = icon.xcf; sourceTree = "<group>"; };
		66A63BFE155AFF9400D7A669 /* uet0.icns */ = {isa = PBXFileReference; lastKnownFileType = image.icns; path = uet0.icns; sourceTree = "<group>"; };
		66A63BFF155AFF9400D7A669 /* uet5.icns */ = {isa = PBXFileReference; lastKnownFileType = image.icns; path = uet5.icns; sourceTree = "<group>"; };
		66A63C00155AFF9500D7A669 /* uet10.icns */ = {isa = PBXFileReference; lastKnownFileType = image.icns; path = uet10.icns; sourceTree = "<group>"; };
		66A63C01155AFF9500D7A669 /* uet15.icns */ = {isa = PBXFileReference; lastKnownFileType = image.icns; path = uet15.icns; sourceTree = "<group>"; };
		66A63C02155AFF9500D7A669 /* uet20.icns */ = {isa = PBXFileReference; lastKnownFileType = image.icns; path = uet20.icns; sourceTree = "<group>"; };
		66A63C03155AFF9500D7A669 /* uet25.icns */ = {isa = PBXFileReference; lastKnownFileType = image.icns; path = uet25.icns; sourceTree = "<group>"; };
		66A63C04155AFF9500D7A669 /* uet30.icns */ = {isa = PBXFileReference; lastKnownFileType = image.icns; path = uet30.icns; sourceTree = "<group>"; };
/* End PBXFileReference section */

/* Begin PBXFrameworksBuildPhase section */
		66A63BBF1555C21600D7A669 /* Frameworks */ = {
			isa = PBXFrameworksBuildPhase;
			buildActionMask = 2147483647;
			files = (
				66A63BC71555C21600D7A669 /* Cocoa.framework in Frameworks */,
			);
			runOnlyForDeploymentPostprocessing = 0;
		};
		66A63BDF1555C21600D7A669 /* Frameworks */ = {
			isa = PBXFrameworksBuildPhase;
			buildActionMask = 2147483647;
			files = (
				66A63BE61555C21600D7A669 /* Cocoa.framework in Frameworks */,
			);
			runOnlyForDeploymentPostprocessing = 0;
		};
/* End PBXFrameworksBuildPhase section */

/* Begin PBXGroup section */
		66A63BB71555C21500D7A669 = {
			isa = PBXGroup;
			children = (
				66A63BCC1555C21600D7A669 /* Up each thirty */,
				66A63BE91555C21600D7A669 /* Up each thirtyTests */,
				66A63BC51555C21600D7A669 /* Frameworks */,
				66A63BC31555C21600D7A669 /* Products */,
			);
			sourceTree = "<group>";
		};
		66A63BC31555C21600D7A669 /* Products */ = {
			isa = PBXGroup;
			children = (
				66A63BC21555C21600D7A669 /* Up each thirty.app */,
				66A63BE31555C21600D7A669 /* Up each thirtyTests.xctest */,
			);
			name = Products;
			sourceTree = "<group>";
		};
		66A63BC51555C21600D7A669 /* Frameworks */ = {
			isa = PBXGroup;
			children = (
				66A63BC61555C21600D7A669 /* Cocoa.framework */,
				66A63BC81555C21600D7A669 /* Other Frameworks */,
			);
			name = Frameworks;
			sourceTree = "<group>";
		};
		66A63BC81555C21600D7A669 /* Other Frameworks */ = {
			isa = PBXGroup;
			children = (
				66A63BC91555C21600D7A669 /* AppKit.framework */,
				66A63BCA1555C21600D7A669 /* CoreData.framework */,
				66A63BCB1555C21600D7A669 /* Foundation.framework */,
			);
			name = "Other Frameworks";
			sourceTree = "<group>";
		};
		66A63BCC1555C21600D7A669 /* Up each thirty */ = {
			isa = PBXGroup;
			children = (
				66A63BD81555C21600D7A669 /* AppDelegate.h */,
				66A63BD91555C21600D7A669 /* AppDelegate.m */,
				66A63BFA1555D37000D7A669 /* Countdown.h */,
				66A63BFB1555D37000D7A669 /* Countdown.m */,
				66A63BDB1555C21600D7A669 /* MainMenu.xib */,
				66A63C0C155AFFAC00D7A669 /* Icon */,
				66A63BCD1555C21600D7A669 /* Supporting Files */,
			);
			path = "Up each thirty";
			sourceTree = "<group>";
		};
		66A63BCD1555C21600D7A669 /* Supporting Files */ = {
			isa = PBXGroup;
			children = (
				66A63BCE1555C21600D7A669 /* Up each thirty-Info.plist */,
				66A63BCF1555C21600D7A669 /* InfoPlist.strings */,
				66A63BD21555C21600D7A669 /* main.m */,
				66A63BD41555C21600D7A669 /* Up each thirty-Prefix.pch */,
				66A63BD51555C21600D7A669 /* Credits.rtf */,
			);
			name = "Supporting Files";
			sourceTree = "<group>";
		};
		66A63BE91555C21600D7A669 /* Up each thirtyTests */ = {
			isa = PBXGroup;
			children = (
				66A63BEF1555C21600D7A669 /* Up_each_thirtyTests.h */,
				66A63BF01555C21600D7A669 /* Up_each_thirtyTests.m */,
				66A63BEA1555C21600D7A669 /* Supporting Files */,
			);
			path = "Up each thirtyTests";
			sourceTree = "<group>";
		};
		66A63BEA1555C21600D7A669 /* Supporting Files */ = {
			isa = PBXGroup;
			children = (
				66A63BEB1555C21600D7A669 /* Up each thirtyTests-Info.plist */,
				66A63BEC1555C21600D7A669 /* InfoPlist.strings */,
			);
			name = "Supporting Files";
			sourceTree = "<group>";
		};
		66A63C0C155AFFAC00D7A669 /* Icon */ = {
			isa = PBXGroup;
			children = (
				66A63BFD155AFF7200D7A669 /* icon.xcf */,
				66A63BFE155AFF9400D7A669 /* uet0.icns */,
				66A63BFF155AFF9400D7A669 /* uet5.icns */,
				66A63C00155AFF9500D7A669 /* uet10.icns */,
				66A63C01155AFF9500D7A669 /* uet15.icns */,
				66A63C02155AFF9500D7A669 /* uet20.icns */,
				66A63C03155AFF9500D7A669 /* uet25.icns */,
				66A63C04155AFF9500D7A669 /* uet30.icns */,
			);
			name = Icon;
			sourceTree = "<group>";
		};
/* End PBXGroup section */

/* Begin PBXNativeTarget section */
		66A63BC11555C21600D7A669 /* Up each thirty */ = {
			isa = PBXNativeTarget;
			buildConfigurationList = 66A63BF41555C21600D7A669 /* Build configuration list for PBXNativeTarget "Up each thirty" */;
			buildPhases = (
				66A63BBE1555C21600D7A669 /* Sources */,
				66A63BBF1555C21600D7A669 /* Frameworks */,
				66A63BC01555C21600D7A669 /* Resources */,
			);
			buildRules = (
			);
			dependencies = (
			);
			name = "Up each thirty";
			productName = "Up each thirty";
			productReference = 66A63BC21555C21600D7A669 /* Up each thirty.app */;
			productType = "com.apple.product-type.application";
		};
		66A63BE21555C21600D7A669 /* Up each thirtyTests */ = {
			isa = PBXNativeTarget;
			buildConfigurationList = 66A63BF71555C21600D7A669 /* Build configuration list for PBXNativeTarget "Up each thirtyTests" */;
			buildPhases = (
				66A63BDE1555C21600D7A669 /* Sources */,
				66A63BDF1555C21600D7A669 /* Frameworks */,
				66A63BE01555C21600D7A669 /* Resources */,
				66A63BE11555C21600D7A669 /* ShellScript */,
			);
			buildRules = (
			);
			dependencies = (
				66A63BE81555C21600D7A669 /* PBXTargetDependency */,
			);
			name = "Up each thirtyTests";
			productName = "Up each thirtyTests";
			productReference = 66A63BE31555C21600D7A669 /* Up each thirtyTests.xctest */;
			productType = "com.apple.product-type.bundle.unit-test";
		};
/* End PBXNativeTarget section */

/* Begin PBXProject section */
		66A63BB91555C21500D7A669 /* Project object */ = {
			isa = PBXProject;
			attributes = {
				LastTestingUpgradeCheck = 0510;
				LastUpgradeCheck = 0510;
				ORGANIZATIONNAME = "Per Johansson";
			};
			buildConfigurationList = 66A63BBC1555C21500D7A669 /* Build configuration list for PBXProject "Up each thirty" */;
			compatibilityVersion = "Xcode 3.2";
			developmentRegion = English;
			hasScannedForEncodings = 0;
			knownRegions = (
				en,
			);
			mainGroup = 66A63BB71555C21500D7A669;
			productRefGroup = 66A63BC31555C21600D7A669 /* Products */;
			projectDirPath = "";
			projectRoot = "";
			targets = (
				66A63BC11555C21600D7A669 /* Up each thirty */,
				66A63BE21555C21600D7A669 /* Up each thirtyTests */,
			);
		};
/* End PBXProject section */

/* Begin PBXResourcesBuildPhase section */
		66A63BC01555C21600D7A669 /* Resources */ = {
			isa = PBXResourcesBuildPhase;
			buildActionMask = 2147483647;
			files = (
				66A63BD11555C21600D7A669 /* InfoPlist.strings in Resources */,
				66A63BD71555C21600D7A669 /* Credits.rtf in Resources */,
				66A63BDD1555C21600D7A669 /* MainMenu.xib in Resources */,
				66A63C05155AFF9500D7A669 /* uet0.icns in Resources */,
				66A63C06155AFF9500D7A669 /* uet5.icns in Resources */,
				66A63C07155AFF9500D7A669 /* uet10.icns in Resources */,
				66A63C08155AFF9500D7A669 /* uet15.icns in Resources */,
				66A63C09155AFF9500D7A669 /* uet20.icns in Resources */,
				66A63C0A155AFF9500D7A669 /* uet25.icns in Resources */,
				66A63C0B155AFF9500D7A669 /* uet30.icns in Resources */,
			);
			runOnlyForDeploymentPostprocessing = 0;
		};
		66A63BE01555C21600D7A669 /* Resources */ = {
			isa = PBXResourcesBuildPhase;
			buildActionMask = 2147483647;
			files = (
				66A63BEE1555C21600D7A669 /* InfoPlist.strings in Resources */,
			);
			runOnlyForDeploymentPostprocessing = 0;
		};
/* End PBXResourcesBuildPhase section */

/* Begin PBXShellScriptBuildPhase section */
		66A63BE11555C21600D7A669 /* ShellScript */ = {
			isa = PBXShellScriptBuildPhase;
			buildActionMask = 2147483647;
			files = (
			);
			inputPaths = (
			);
			outputPaths = (
			);
			runOnlyForDeploymentPostprocessing = 0;
			shellPath = /bin/sh;
			shellScript = "# Run the unit tests in this test bundle.\n\"${SYSTEM_DEVELOPER_DIR}/Tools/RunUnitTests\"\n";
		};
/* End PBXShellScriptBuildPhase section */

/* Begin PBXSourcesBuildPhase section */
		66A63BBE1555C21600D7A669 /* Sources */ = {
			isa = PBXSourcesBuildPhase;
			buildActionMask = 2147483647;
			files = (
				66A63BD31555C21600D7A669 /* main.m in Sources */,
				66A63BDA1555C21600D7A669 /* AppDelegate.m in Sources */,
				66A63BFC1555D37000D7A669 /* Countdown.m in Sources */,
			);
			runOnlyForDeploymentPostprocessing = 0;
		};
		66A63BDE1555C21600D7A669 /* Sources */ = {
			isa = PBXSourcesBuildPhase;
			buildActionMask = 2147483647;
			files = (
				66A63BF11555C21600D7A669 /* Up_each_thirtyTests.m in Sources */,
			);
			runOnlyForDeploymentPostprocessing = 0;
		};
/* End PBXSourcesBuildPhase section */

/* Begin PBXTargetDependency section */
		66A63BE81555C21600D7A669 /* PBXTargetDependency */ = {
			isa = PBXTargetDependency;
			target = 66A63BC11555C21600D7A669 /* Up each thirty */;
			targetProxy = 66A63BE71555C21600D7A669 /* PBXContainerItemProxy */;
		};
/* End PBXTargetDependency section */

/* Begin PBXVariantGroup section */
		66A63BCF1555C21600D7A669 /* InfoPlist.strings */ = {
			isa = PBXVariantGroup;
			children = (
				66A63BD01555C21600D7A669 /* en */,
			);
			name = InfoPlist.strings;
			sourceTree = "<group>";
		};
		66A63BD51555C21600D7A669 /* Credits.rtf */ = {
			isa = PBXVariantGroup;
			children = (
				66A63BD61555C21600D7A669 /* en */,
			);
			name = Credits.rtf;
			sourceTree = "<group>";
		};
		66A63BDB1555C21600D7A669 /* MainMenu.xib */ = {
			isa = PBXVariantGroup;
			children = (
				66A63BDC1555C21600D7A669 /* en */,
			);
			name = MainMenu.xib;
			sourceTree = "<group>";
		};
		66A63BEC1555C21600D7A669 /* InfoPlist.strings */ = {
			isa = PBXVariantGroup;
			children = (
				66A63BED1555C21600D7A669 /* en */,
			);
			name = InfoPlist.strings;
			sourceTree = "<group>";
		};
/* End PBXVariantGroup section */

/* Begin XCBuildConfiguration section */
		66A63BF21555C21600D7A669 /* Debug */ = {
			isa = XCBuildConfiguration;
			buildSettings = {
				ALWAYS_SEARCH_USER_PATHS = NO;
				CLANG_ENABLE_OBJC_ARC = YES;
				CLANG_WARN_BOOL_CONVERSION = YES;
				CLANG_WARN_CONSTANT_CONVERSION = YES;
				CLANG_WARN_EMPTY_BODY = YES;
				CLANG_WARN_ENUM_CONVERSION = YES;
				CLANG_WARN_INT_CONVERSION = YES;
				CLANG_WARN__DUPLICATE_METHOD_MATCH = YES;
				COPY_PHASE_STRIP = NO;
				GCC_C_LANGUAGE_STANDARD = gnu99;
				GCC_DYNAMIC_NO_PIC = NO;
				GCC_ENABLE_OBJC_EXCEPTIONS = YES;
				GCC_OPTIMIZATION_LEVEL = 0;
				GCC_PREPROCESSOR_DEFINITIONS = (
					"DEBUG=1",
					"$(inherited)",
				);
				GCC_SYMBOLS_PRIVATE_EXTERN = NO;
				GCC_VERSION = com.apple.compilers.llvm.clang.1_0;
				GCC_WARN_64_TO_32_BIT_CONVERSION = YES;
				GCC_WARN_ABOUT_RETURN_TYPE = YES;
				GCC_WARN_UNDECLARED_SELECTOR = YES;
				GCC_WARN_UNINITIALIZED_AUTOS = YES;
				GCC_WARN_UNUSED_FUNCTION = YES;
				GCC_WARN_UNUSED_VARIABLE = YES;
				MACOSX_DEPLOYMENT_TARGET = 10.6;
				ONLY_ACTIVE_ARCH = YES;
				SDKROOT = macosx;
			};
			name = Debug;
		};
		66A63BF31555C21600D7A669 /* Release */ = {
			isa = XCBuildConfiguration;
			buildSettings = {
				ALWAYS_SEARCH_USER_PATHS = NO;
				CLANG_ENABLE_OBJC_ARC = YES;
				CLANG_WARN_BOOL_CONVERSION = YES;
				CLANG_WARN_CONSTANT_CONVERSION = YES;
				CLANG_WARN_EMPTY_BODY = YES;
				CLANG_WARN_ENUM_CONVERSION = YES;
				CLANG_WARN_INT_CONVERSION = YES;
				CLANG_WARN__DUPLICATE_METHOD_MATCH = YES;
				COPY_PHASE_STRIP = YES;
				DEBUG_INFORMATION_FORMAT = "dwarf-with-dsym";
				GCC_C_LANGUAGE_STANDARD = gnu99;
				GCC_ENABLE_OBJC_EXCEPTIONS = YES;
				GCC_VERSION = com.apple.compilers.llvm.clang.1_0;
				GCC_WARN_64_TO_32_BIT_CONVERSION = YES;
				GCC_WARN_ABOUT_RETURN_TYPE = YES;
				GCC_WARN_UNDECLARED_SELECTOR = YES;
				GCC_WARN_UNINITIALIZED_AUTOS = YES;
				GCC_WARN_UNUSED_FUNCTION = YES;
				GCC_WARN_UNUSED_VARIABLE = YES;
				MACOSX_DEPLOYMENT_TARGET = 10.6;
				SDKROOT = macosx;
			};
			name = Release;
		};
		66A63BF51555C21600D7A669 /* Debug */ = {
			isa = XCBuildConfiguration;
			buildSettings = {
				COMBINE_HIDPI_IMAGES = YES;
				GCC_PRECOMPILE_PREFIX_HEADER = YES;
				GCC_PREFIX_HEADER = "Up each thirty/Up each thirty-Prefix.pch";
				INFOPLIST_FILE = "Up each thirty/Up each thirty-Info.plist";
				MACOSX_DEPLOYMENT_TARGET = 10.6;
				PRODUCT_NAME = "$(TARGET_NAME)";
				WRAPPER_EXTENSION = app;
			};
			name = Debug;
		};
		66A63BF61555C21600D7A669 /* Release */ = {
			isa = XCBuildConfiguration;
			buildSettings = {
				COMBINE_HIDPI_IMAGES = YES;
				GCC_PRECOMPILE_PREFIX_HEADER = YES;
				GCC_PREFIX_HEADER = "Up each thirty/Up each thirty-Prefix.pch";
				INFOPLIST_FILE = "Up each thirty/Up each thirty-Info.plist";
				MACOSX_DEPLOYMENT_TARGET = 10.6;
				PRODUCT_NAME = "$(TARGET_NAME)";
				WRAPPER_EXTENSION = app;
			};
			name = Release;
		};
		66A63BF81555C21600D7A669 /* Debug */ = {
			isa = XCBuildConfiguration;
			buildSettings = {
				BUNDLE_LOADER = "$(BUILT_PRODUCTS_DIR)/Up each thirty.app/Contents/MacOS/Up each thirty";
				COMBINE_HIDPI_IMAGES = YES;
				FRAMEWORK_SEARCH_PATHS = "$(inherited)";
				GCC_PRECOMPILE_PREFIX_HEADER = YES;
				GCC_PREFIX_HEADER = "Up each thirty/Up each thirty-Prefix.pch";
				INFOPLIST_FILE = "Up each thirtyTests/Up each thirtyTests-Info.plist";
				PRODUCT_NAME = "$(TARGET_NAME)";
				TEST_HOST = "$(BUNDLE_LOADER)";
			};
			name = Debug;
		};
		66A63BF91555C21600D7A669 /* Release */ = {
			isa = XCBuildConfiguration;
			buildSettings = {
				BUNDLE_LOADER = "$(BUILT_PRODUCTS_DIR)/Up each thirty.app/Contents/MacOS/Up each thirty";
				COMBINE_HIDPI_IMAGES = YES;
				FRAMEWORK_SEARCH_PATHS = "$(inherited)";
				GCC_PRECOMPILE_PREFIX_HEADER = YES;
				GCC_PREFIX_HEADER = "Up each thirty/Up each thirty-Prefix.pch";
				INFOPLIST_FILE = "Up each thirtyTests/Up each thirtyTests-Info.plist";
				PRODUCT_NAME = "$(TARGET_NAME)";
				TEST_HOST = "$(BUNDLE_LOADER)";
			};
			name = Release;
		};
/* End XCBuildConfiguration section */

/* Begin XCConfigurationList section */
		66A63BBC1555C21500D7A669 /* Build configuration list for PBXProject "Up each thirty" */ = {
			isa = XCConfigurationList;
			buildConfigurations = (
				66A63BF21555C21600D7A669 /* Debug */,
				66A63BF31555C21600D7A669 /* Release */,
			);
			defaultConfigurationIsVisible = 0;
			defaultConfigurationName = Release;
		};
		66A63BF41555C21600D7A669 /* Build configuration list for PBXNativeTarget "Up each thirty" */ = {
			isa = XCConfigurationList;
			buildConfigurations = (
				66A63BF51555C21600D7A669 /* Debug */,
				66A63BF61555C21600D7A669 /* Release */,
			);
			defaultConfigurationIsVisible = 0;
			defaultConfigurationName = Release;
		};
		66A63BF71555C21600D7A669 /* Build configuration list for PBXNativeTarget "Up each thirtyTests" */ = {
			isa = XCConfigurationList;
			buildConfigurations = (
				66A63BF81555C21600D7A669 /* Debug */,
				66A63BF91555C21600D7A669 /* Release */,
			);
			defaultConfigurationIsVisible = 0;
			defaultConfigurationName = Release;
		};
/* End XCConfigurationList section */
	};
	rootObject = 66A63BB91555C21500D7A669 /* Project object */;
}
